
Microsoft Visual Studio Solution File, Format Version 12.00
# Visual Studio Version 17
VisualStudioVersion = 17.2.32526.322
MinimumVisualStudioVersion = 10.0.40219.1
Project("{FAE04EC0-301F-11D3-BF4B-00C04F79EFBC}") = "leet-2333", "leet-2333\leet-2333.csproj", "{FFFD1D59-C8A9-498D-BD42-9F8945DE7D19}"
EndProject
Global
	GlobalSection(SolutionConfigurationPlatforms) = preSolution
		Debug|Any CPU = Debug|Any CPU
		Release|Any CPU = Release|Any CPU
	EndGlobalSection
	GlobalSection(ProjectConfigurationPlatforms) = postSolution
		{FFFD1D59-C8A9-498D-BD42-9F8945DE7D19}.Debug|Any CPU.ActiveCfg = Debug|Any CPU
		{FFFD1D59-C8A9-498D-BD42-9F8945DE7D19}.Debug|Any CPU.Build.0 = Debug|Any CPU
		{FFFD1D59-C8A9-498D-BD42-9F8945DE7D19}.Release|Any CPU.ActiveCfg = Release|Any CPU
		{FFFD1D59-C8A9-498D-BD42-9F8945DE7D19}.Release|Any CPU.Build.0 = Release|Any CPU
	EndGlobalSection
	GlobalSection(SolutionProperties) = preSolution
		HideSolutionNode = FALSE
	EndGlobalSection
	GlobalSection(ExtensibilityGlobals) = postSolution
		SolutionGuid = {B1546602-47B6-4305-A325-9F3FE7543A62}
	EndGlobalSection
EndGlobal
